
Microsoft Visual Studio Solution File, Format Version 12.00
# Visual Studio Version 16
VisualStudioVersion = 16.0.29209.62
MinimumVisualStudioVersion = 10.0.40219.1
Project("{FAE04EC0-301F-11D3-BF4B-00C04F79EFBC}") = "GAP.Data", "GAP.Data\GAP.Data.csproj", "{FC86958B-4FFA-4AA4-9049-C065C5478AEA}"
EndProject
Project("{FAE04EC0-301F-11D3-BF4B-00C04F79EFBC}") = "GAP.Business", "GAP.Business\GAP.Business.csproj", "{C1B6BCE8-EA8A-4598-8569-EF06DE90A1D5}"
EndProject
Project("{FAE04EC0-301F-11D3-BF4B-00C04F79EFBC}") = "GAP.Test", "GAP.Test\GAP.Test.csproj", "{E85A7222-1683-421A-9117-F009D7972BD9}"
EndProject
Project("{FAE04EC0-301F-11D3-BF4B-00C04F79EFBC}") = "GAP.WebApi", "GAP.WebApi\GAP.WebApi.csproj", "{048A10CF-FCE9-4FFF-ABBD-AC4CAC8C21B5}"
EndProject
Global
	GlobalSection(SolutionConfigurationPlatforms) = preSolution
		Debug|Any CPU = Debug|Any CPU
		Release|Any CPU = Release|Any CPU
	EndGlobalSection
	GlobalSection(ProjectConfigurationPlatforms) = postSolution
		{FC86958B-4FFA-4AA4-9049-C065C5478AEA}.Debug|Any CPU.ActiveCfg = Debug|Any CPU
		{FC86958B-4FFA-4AA4-9049-C065C5478AEA}.Debug|Any CPU.Build.0 = Debug|Any CPU
		{FC86958B-4FFA-4AA4-9049-C065C5478AEA}.Release|Any CPU.ActiveCfg = Release|Any CPU
		{FC86958B-4FFA-4AA4-9049-C065C5478AEA}.Release|Any CPU.Build.0 = Release|Any CPU
		{C1B6BCE8-EA8A-4598-8569-EF06DE90A1D5}.Debug|Any CPU.ActiveCfg = Debug|Any CPU
		{C1B6BCE8-EA8A-4598-8569-EF06DE90A1D5}.Debug|Any CPU.Build.0 = Debug|Any CPU
		{C1B6BCE8-EA8A-4598-8569-EF06DE90A1D5}.Release|Any CPU.ActiveCfg = Release|Any CPU
		{C1B6BCE8-EA8A-4598-8569-EF06DE90A1D5}.Release|Any CPU.Build.0 = Release|Any CPU
		{E85A7222-1683-421A-9117-F009D7972BD9}.Debug|Any CPU.ActiveCfg = Debug|Any CPU
		{E85A7222-1683-421A-9117-F009D7972BD9}.Debug|Any CPU.Build.0 = Debug|Any CPU
		{E85A7222-1683-421A-9117-F009D7972BD9}.Release|Any CPU.ActiveCfg = Release|Any CPU
		{E85A7222-1683-421A-9117-F009D7972BD9}.Release|Any CPU.Build.0 = Release|Any CPU
		{048A10CF-FCE9-4FFF-ABBD-AC4CAC8C21B5}.Debug|Any CPU.ActiveCfg = Debug|Any CPU
		{048A10CF-FCE9-4FFF-ABBD-AC4CAC8C21B5}.Debug|Any CPU.Build.0 = Debug|Any CPU
		{048A10CF-FCE9-4FFF-ABBD-AC4CAC8C21B5}.Release|Any CPU.ActiveCfg = Release|Any CPU
		{048A10CF-FCE9-4FFF-ABBD-AC4CAC8C21B5}.Release|Any CPU.Build.0 = Release|Any CPU
	EndGlobalSection
	GlobalSection(SolutionProperties) = preSolution
		HideSolutionNode = FALSE
	EndGlobalSection
	GlobalSection(ExtensibilityGlobals) = postSolution
		SolutionGuid = {533E7B65-F89A-4DF5-AE20-BB7BA0040487}
	EndGlobalSection
EndGlobal
